{
  "originHash" : "127f4957d651b046ceff5eff7be1cc6a6696fd075c5b25855074661ab70ea64e",
  "pins" : [
    {
      "identity" : "generative-ai-swift",
      "kind" : "remoteSourceControl",
      "location" : "https://github.com/google/generative-ai-swift",
      "state" : {
        "revision" : "aff3d11abf02207f46786a0b764b3939a4eb3db5",
        "version" : "0.4.0"
      }
    },
    {
      "identity" : "replicate-swift",
      "kind" : "remoteSourceControl",
      "location" : "https://github.com/replicate/replicate-swift",
      "state" : {
        "revision" : "1893a954246eb9d8c281c8d0fdb6021adb93a1cd",
        "version" : "0.21.0"
      }
    },
    {
      "identity" : "wrappinghstack",
      "kind" : "remoteSourceControl",
      "location" : "https://github.com/ksemianov/WrappingHStack",
      "state" : {
        "revision" : "3300f68b6bf5f8a75ee7ca8a40f136a558053d10",
        "version" : "0.2.0"
      }
    }
  ],
  "version" : 3
}
